<?xml version="1.0" encoding="utf-8"?>
<Project ToolsVersion="4.0" xmlns="http://schemas.microsoft.com/developer/msbuild/2003">
  <ItemGroup>
    <Filter Include="源文件">
      <UniqueIdentifier>{4FC737F1-C7A5-4376-A066-2A32D752A2FF}</UniqueIdentifier>
      <Extensions>cpp;c;cc;cxx;def;odl;idl;hpj;bat;asm;asmx</Extensions>
    </Filter>
    <Filter Include="头文件">
      <UniqueIdentifier>{93995380-89BD-4b04-88EB-625FBE52EBFB}</UniqueIdentifier>
      <Extensions>h;hh;hpp;hxx;hm;inl;inc;xsd</Extensions>
    </Filter>
    <Filter Include="资源文件">
      <UniqueIdentifier>{67DA6AB6-F800-4c08-8B7A-83BB121AAD01}</UniqueIdentifier>
      <Extensions>rc;ico;cur;bmp;dlg;rc2;rct;bin;rgs;gif;jpg;jpeg;jpe;resx;tiff;tif;png;wav;mfcribbon-ms</Extensions>
    </Filter>
    <Filter Include="Tool">
      <UniqueIdentifier>{89421079-018c-4ff7-b89c-b0051256f096}</UniqueIdentifier>
    </Filter>
    <Filter Include="Tool\algorithms">
      <UniqueIdentifier>{69a0eb9b-0ec3-4d20-915e-13a952eb6178}</UniqueIdentifier>
    </Filter>
    <Filter Include="Tool\algorithms\wrap">
      <UniqueIdentifier>{715b33bf-d228-4fb4-abcb-013d0202ce28}</UniqueIdentifier>
    </Filter>
    <Filter Include="Tool\base">
      <UniqueIdentifier>{6af0cea0-f5b7-4445-bb05-c16b3c8698a1}</UniqueIdentifier>
    </Filter>
  </ItemGroup>
  <ItemGroup>
    <Text Include="ReadMe.txt" />
  </ItemGroup>
  <ItemGroup>
    <ClInclude Include="MFCApplication1.h">
      <Filter>头文件</Filter>
    </ClInclude>
    <ClInclude Include="MFCApplication1Dlg.h">
      <Filter>头文件</Filter>
    </ClInclude>
    <ClInclude Include="stdafx.h">
      <Filter>头文件</Filter>
    </ClInclude>
    <ClInclude Include="targetver.h">
      <Filter>头文件</Filter>
    </ClInclude>
    <ClInclude Include="Resource.h">
      <Filter>头文件</Filter>
    </ClInclude>
    <ClInclude Include="..\TestServer\Tool\algorithms\crypt.h">
      <Filter>Tool\algorithms</Filter>
    </ClInclude>
    <ClInclude Include="..\TestServer\Tool\algorithms\algorithms.h">
      <Filter>Tool\algorithms</Filter>
    </ClInclude>
    <ClInclude Include="..\TestServer\Tool\algorithms\wrap\arcfour.h">
      <Filter>Tool\algorithms\wrap</Filter>
    </ClInclude>
    <ClInclude Include="..\TestServer\Tool\algorithms\wrap\base64.h">
      <Filter>Tool\algorithms\wrap</Filter>
    </ClInclude>
    <ClInclude Include="..\TestServer\Tool\algorithms\wrap\blowfish.h">
      <Filter>Tool\algorithms\wrap</Filter>
    </ClInclude>
    <ClInclude Include="..\TestServer\Tool\algorithms\wrap\des.h">
      <Filter>Tool\algorithms\wrap</Filter>
    </ClInclude>
    <ClInclude Include="..\TestServer\Tool\algorithms\wrap\md2.h">
      <Filter>Tool\algorithms\wrap</Filter>
    </ClInclude>
    <ClInclude Include="..\TestServer\Tool\algorithms\wrap\md5.h">
      <Filter>Tool\algorithms\wrap</Filter>
    </ClInclude>
    <ClInclude Include="..\TestServer\Tool\algorithms\wrap\rot-13.h">
      <Filter>Tool\algorithms\wrap</Filter>
    </ClInclude>
    <ClInclude Include="..\TestServer\Tool\algorithms\wrap\rsa.h">
      <Filter>Tool\algorithms\wrap</Filter>
    </ClInclude>
    <ClInclude Include="..\TestServer\Tool\algorithms\wrap\sha1.h">
      <Filter>Tool\algorithms\wrap</Filter>
    </ClInclude>
    <ClInclude Include="..\TestServer\Tool\algorithms\wrap\sha256.h">
      <Filter>Tool\algorithms\wrap</Filter>
    </ClInclude>
    <ClInclude Include="..\TestServer\Tool\algorithms\wrap\aes.h">
      <Filter>Tool\algorithms\wrap</Filter>
    </ClInclude>
    <ClInclude Include="..\TestServer\Tool\base\clientdata.h">
      <Filter>Tool\base</Filter>
    </ClInclude>
    <ClInclude Include="..\TestServer\Tool\base\clientsocket.h">
      <Filter>Tool\base</Filter>
    </ClInclude>
    <ClInclude Include="..\TestServer\Tool\base\config.h">
      <Filter>Tool\base</Filter>
    </ClInclude>
    <ClInclude Include="..\TestServer\Tool\base\counter.h">
      <Filter>Tool\base</Filter>
    </ClInclude>
    <ClInclude Include="..\TestServer\Tool\base\datablock.h">
      <Filter>Tool\base</Filter>
    </ClInclude>
    <ClInclude Include="..\TestServer\Tool\base\dataprocess.h">
      <Filter>Tool\base</Filter>
    </ClInclude>
    <ClInclude Include="..\TestServer\Tool\base\event.h">
      <Filter>Tool\base</Filter>
    </ClInclude>
    <ClInclude Include="..\TestServer\Tool\base\event_posix.h">
      <Filter>Tool\base</Filter>
    </ClInclude>
    <ClInclude Include="..\TestServer\Tool\base\event_win.h">
      <Filter>Tool\base</Filter>
    </ClInclude>
    <ClInclude Include="..\TestServer\Tool\base\eventhandler.h">
      <Filter>Tool\base</Filter>
    </ClInclude>
    <ClInclude Include="..\TestServer\Tool\base\file.h">
      <Filter>Tool\base</Filter>
    </ClInclude>
    <ClInclude Include="..\TestServer\Tool\base\httpcontent.h">
      <Filter>Tool\base</Filter>
    </ClInclude>
    <ClInclude Include="..\TestServer\Tool\base\httpdownload.h">
      <Filter>Tool\base</Filter>
    </ClInclude>
    <ClInclude Include="..\TestServer\Tool\base\httpdownloadmgr.h">
      <Filter>Tool\base</Filter>
    </ClInclude>
    <ClInclude Include="..\TestServer\Tool\base\httpdownloadtype.h">
      <Filter>Tool\base</Filter>
    </ClInclude>
    <ClInclude Include="..\TestServer\Tool\base\json.h">
      <Filter>Tool\base</Filter>
    </ClInclude>
    <ClInclude Include="..\TestServer\Tool\base\log.h">
      <Filter>Tool\base</Filter>
    </ClInclude>
    <ClInclude Include="..\TestServer\Tool\base\mutex.h">
      <Filter>Tool\base</Filter>
    </ClInclude>
    <ClInclude Include="..\TestServer\Tool\base\object.h">
      <Filter>Tool\base</Filter>
    </ClInclude>
    <ClInclude Include="..\TestServer\Tool\base\package.h">
      <Filter>Tool\base</Filter>
    </ClInclude>
    <ClInclude Include="..\TestServer\Tool\base\reactor.h">
      <Filter>Tool\base</Filter>
    </ClInclude>
    <ClInclude Include="..\TestServer\Tool\base\rwstream.h">
      <Filter>Tool\base</Filter>
    </ClInclude>
    <ClInclude Include="..\TestServer\Tool\base\seqmap.h">
      <Filter>Tool\base</Filter>
    </ClInclude>
    <ClInclude Include="..\TestServer\Tool\base\serversocket.h">
      <Filter>Tool\base</Filter>
    </ClInclude>
    <ClInclude Include="..\TestServer\Tool\base\thread.h">
      <Filter>Tool\base</Filter>
    </ClInclude>
    <ClInclude Include="..\TestServer\Tool\base\thread_mgr.h">
      <Filter>Tool\base</Filter>
    </ClInclude>
    <ClInclude Include="..\TestServer\Tool\base\thread_posix.h">
      <Filter>Tool\base</Filter>
    </ClInclude>
    <ClInclude Include="..\TestServer\Tool\base\thread_win.h">
      <Filter>Tool\base</Filter>
    </ClInclude>
    <ClInclude Include="..\TestServer\Tool\base\timer.h">
      <Filter>Tool\base</Filter>
    </ClInclude>
    <ClInclude Include="..\TestServer\Tool\base\base.h">
      <Filter>Tool\base</Filter>
    </ClInclude>
    <ClInclude Include="..\TestServer\Tool\Tool.h">
      <Filter>Tool</Filter>
    </ClInclude>
  </ItemGroup>
  <ItemGroup>
    <ClCompile Include="MFCApplication1.cpp">
      <Filter>源文件</Filter>
    </ClCompile>
    <ClCompile Include="MFCApplication1Dlg.cpp">
      <Filter>源文件</Filter>
    </ClCompile>
    <ClCompile Include="stdafx.cpp">
      <Filter>源文件</Filter>
    </ClCompile>
    <ClCompile Include="..\TestServer\Tool\algorithms\crypt.cpp">
      <Filter>Tool\algorithms</Filter>
    </ClCompile>
    <ClCompile Include="..\TestServer\Tool\algorithms\algorithms.cpp">
      <Filter>Tool\algorithms</Filter>
    </ClCompile>
    <ClCompile Include="..\TestServer\Tool\algorithms\wrap\aes_test.c">
      <Filter>Tool\algorithms\wrap</Filter>
    </ClCompile>
    <ClCompile Include="..\TestServer\Tool\algorithms\wrap\arcfour.c">
      <Filter>Tool\algorithms\wrap</Filter>
    </ClCompile>
    <ClCompile Include="..\TestServer\Tool\algorithms\wrap\arcfour_test.c">
      <Filter>Tool\algorithms\wrap</Filter>
    </ClCompile>
    <ClCompile Include="..\TestServer\Tool\algorithms\wrap\base64.c">
      <Filter>Tool\algorithms\wrap</Filter>
    </ClCompile>
    <ClCompile Include="..\TestServer\Tool\algorithms\wrap\base64_test.c">
      <Filter>Tool\algorithms\wrap</Filter>
    </ClCompile>
    <ClCompile Include="..\TestServer\Tool\algorithms\wrap\blowfish.c">
      <Filter>Tool\algorithms\wrap</Filter>
    </ClCompile>
    <ClCompile Include="..\TestServer\Tool\algorithms\wrap\blowfish_test.c">
      <Filter>Tool\algorithms\wrap</Filter>
    </ClCompile>
    <ClCompile Include="..\TestServer\Tool\algorithms\wrap\des.c">
      <Filter>Tool\algorithms\wrap</Filter>
    </ClCompile>
    <ClCompile Include="..\TestServer\Tool\algorithms\wrap\des_test.c">
      <Filter>Tool\algorithms\wrap</Filter>
    </ClCompile>
    <ClCompile Include="..\TestServer\Tool\algorithms\wrap\md2.c">
      <Filter>Tool\algorithms\wrap</Filter>
    </ClCompile>
    <ClCompile Include="..\TestServer\Tool\algorithms\wrap\md2_test.c">
      <Filter>Tool\algorithms\wrap</Filter>
    </ClCompile>
    <ClCompile Include="..\TestServer\Tool\algorithms\wrap\md5.c">
      <Filter>Tool\algorithms\wrap</Filter>
    </ClCompile>
    <ClCompile Include="..\TestServer\Tool\algorithms\wrap\md5_test.c">
      <Filter>Tool\algorithms\wrap</Filter>
    </ClCompile>
    <ClCompile Include="..\TestServer\Tool\algorithms\wrap\rot-13.c">
      <Filter>Tool\algorithms\wrap</Filter>
    </ClCompile>
    <ClCompile Include="..\TestServer\Tool\algorithms\wrap\rot-13_test.c">
      <Filter>Tool\algorithms\wrap</Filter>
    </ClCompile>
    <ClCompile Include="..\TestServer\Tool\algorithms\wrap\rsa.c">
      <Filter>Tool\algorithms\wrap</Filter>
    </ClCompile>
    <ClCompile Include="..\TestServer\Tool\algorithms\wrap\sha1.c">
      <Filter>Tool\algorithms\wrap</Filter>
    </ClCompile>
    <ClCompile Include="..\TestServer\Tool\algorithms\wrap\sha1_test.c">
      <Filter>Tool\algorithms\wrap</Filter>
    </ClCompile>
    <ClCompile Include="..\TestServer\Tool\algorithms\wrap\sha256.c">
      <Filter>Tool\algorithms\wrap</Filter>
    </ClCompile>
    <ClCompile Include="..\TestServer\Tool\algorithms\wrap\sha256_test.c">
      <Filter>Tool\algorithms\wrap</Filter>
    </ClCompile>
    <ClCompile Include="..\TestServer\Tool\algorithms\wrap\aes.c">
      <Filter>Tool\algorithms\wrap</Filter>
    </ClCompile>
    <ClCompile Include="..\TestServer\Tool\base\clientsocket.cpp">
      <Filter>Tool\base</Filter>
    </ClCompile>
    <ClCompile Include="..\TestServer\Tool\base\counter.cpp">
      <Filter>Tool\base</Filter>
    </ClCompile>
    <ClCompile Include="..\TestServer\Tool\base\datablock.cpp">
      <Filter>Tool\base</Filter>
    </ClCompile>
    <ClCompile Include="..\TestServer\Tool\base\dataprocess.cpp">
      <Filter>Tool\base</Filter>
    </ClCompile>
    <ClCompile Include="..\TestServer\Tool\base\event.cpp">
      <Filter>Tool\base</Filter>
    </ClCompile>
    <ClCompile Include="..\TestServer\Tool\base\eventhandler.cpp">
      <Filter>Tool\base</Filter>
    </ClCompile>
    <ClCompile Include="..\TestServer\Tool\base\file.cpp">
      <Filter>Tool\base</Filter>
    </ClCompile>
    <ClCompile Include="..\TestServer\Tool\base\httpcontent.cpp">
      <Filter>Tool\base</Filter>
    </ClCompile>
    <ClCompile Include="..\TestServer\Tool\base\httpdownload.cpp">
      <Filter>Tool\base</Filter>
    </ClCompile>
    <ClCompile Include="..\TestServer\Tool\base\httpdownloadmgr.cpp">
      <Filter>Tool\base</Filter>
    </ClCompile>
    <ClCompile Include="..\TestServer\Tool\base\json.cpp">
      <Filter>Tool\base</Filter>
    </ClCompile>
    <ClCompile Include="..\TestServer\Tool\base\log.cpp">
      <Filter>Tool\base</Filter>
    </ClCompile>
    <ClCompile Include="..\TestServer\Tool\base\mutex.cpp">
      <Filter>Tool\base</Filter>
    </ClCompile>
    <ClCompile Include="..\TestServer\Tool\base\object.cpp">
      <Filter>Tool\base</Filter>
    </ClCompile>
    <ClCompile Include="..\TestServer\Tool\base\package.cpp">
      <Filter>Tool\base</Filter>
    </ClCompile>
    <ClCompile Include="..\TestServer\Tool\base\reactor.cpp">
      <Filter>Tool\base</Filter>
    </ClCompile>
    <ClCompile Include="..\TestServer\Tool\base\rwstream.cpp">
      <Filter>Tool\base</Filter>
    </ClCompile>
    <ClCompile Include="..\TestServer\Tool\base\seqmap.cpp">
      <Filter>Tool\base</Filter>
    </ClCompile>
    <ClCompile Include="..\TestServer\Tool\base\serversocket.cpp">
      <Filter>Tool\base</Filter>
    </ClCompile>
    <ClCompile Include="..\TestServer\Tool\base\thread.cpp">
      <Filter>Tool\base</Filter>
    </ClCompile>
    <ClCompile Include="..\TestServer\Tool\base\thread_mgr.cpp">
      <Filter>Tool\base</Filter>
    </ClCompile>
    <ClCompile Include="..\TestServer\Tool\base\timer.cpp">
      <Filter>Tool\base</Filter>
    </ClCompile>
    <ClCompile Include="..\TestServer\Tool\base\clientdata.cpp">
      <Filter>Tool\base</Filter>
    </ClCompile>
  </ItemGroup>
  <ItemGroup>
    <ResourceCompile Include="MFCApplication1.rc">
      <Filter>资源文件</Filter>
    </ResourceCompile>
  </ItemGroup>
  <ItemGroup>
    <None Include="res\MFCApplication1.rc2">
      <Filter>资源文件</Filter>
    </None>
  </ItemGroup>
  <ItemGroup>
    <Image Include="res\MFCApplication1.ico">
      <Filter>资源文件</Filter>
    </Image>
  </ItemGroup>
</Project>